
Microsoft Visual Studio Solution File, Format Version 12.00
# Visual Studio Version 16
VisualStudioVersion = 16.0.30804.86
MinimumVisualStudioVersion = 10.0.40219.1
Project("{FAE04EC0-301F-11D3-BF4B-00C04F79EFBC}") = "IBANServices", "IBANServices\IBANServices.csproj", "{82C90F5E-9475-40FA-8D9A-6BB09EE4DBF1}"
EndProject
Project("{FAE04EC0-301F-11D3-BF4B-00C04F79EFBC}") = "IBANValidator", "IBANValidator\IBANValidator.csproj", "{CF82C051-0281-42D8-9AA7-B8708DCCD29A}"
EndProject
Project("{FAE04EC0-301F-11D3-BF4B-00C04F79EFBC}") = "IBANParser", "IBANParser\IBANParser.csproj", "{13AF1D12-9067-4104-BC52-938CFF660979}"
EndProject
Global
	GlobalSection(SolutionConfigurationPlatforms) = preSolution
		Debug|Any CPU = Debug|Any CPU
		Release|Any CPU = Release|Any CPU
	EndGlobalSection
	GlobalSection(ProjectConfigurationPlatforms) = postSolution
		{82C90F5E-9475-40FA-8D9A-6BB09EE4DBF1}.Debug|Any CPU.ActiveCfg = Debug|Any CPU
		{82C90F5E-9475-40FA-8D9A-6BB09EE4DBF1}.Debug|Any CPU.Build.0 = Debug|Any CPU
		{82C90F5E-9475-40FA-8D9A-6BB09EE4DBF1}.Release|Any CPU.ActiveCfg = Release|Any CPU
		{82C90F5E-9475-40FA-8D9A-6BB09EE4DBF1}.Release|Any CPU.Build.0 = Release|Any CPU
		{CF82C051-0281-42D8-9AA7-B8708DCCD29A}.Debug|Any CPU.ActiveCfg = Debug|Any CPU
		{CF82C051-0281-42D8-9AA7-B8708DCCD29A}.Debug|Any CPU.Build.0 = Debug|Any CPU
		{CF82C051-0281-42D8-9AA7-B8708DCCD29A}.Release|Any CPU.ActiveCfg = Release|Any CPU
		{CF82C051-0281-42D8-9AA7-B8708DCCD29A}.Release|Any CPU.Build.0 = Release|Any CPU
		{13AF1D12-9067-4104-BC52-938CFF660979}.Debug|Any CPU.ActiveCfg = Debug|Any CPU
		{13AF1D12-9067-4104-BC52-938CFF660979}.Debug|Any CPU.Build.0 = Debug|Any CPU
		{13AF1D12-9067-4104-BC52-938CFF660979}.Release|Any CPU.ActiveCfg = Release|Any CPU
		{13AF1D12-9067-4104-BC52-938CFF660979}.Release|Any CPU.Build.0 = Release|Any CPU
	EndGlobalSection
	GlobalSection(SolutionProperties) = preSolution
		HideSolutionNode = FALSE
	EndGlobalSection
	GlobalSection(ExtensibilityGlobals) = postSolution
		SolutionGuid = {0303CC4A-C00B-4D2E-80E7-00CA9AF81423}
	EndGlobalSection
EndGlobal
